
Microsoft Visual Studio Solution File, Format Version 12.00
# Visual Studio 2015
Project("{FAE04EC0-301F-11D3-BF4B-00C04F79EFBC}") = "TheHidersProject.CSharp", "TheHidersProject.CSharp.csproj", "{7704FF1B-229D-9848-C6AC-6E9F2C41E7B6}"
EndProject
Project("{FAE04EC0-301F-11D3-BF4B-00C04F79EFBC}") = "TheHidersProject.CSharp.Editor", "TheHidersProject.CSharp.Editor.csproj", "{F3AD7994-4AE4-32B9-9C22-5B52EEF89D5B}"
EndProject
Global
	GlobalSection(SolutionConfigurationPlatforms) = preSolution
		Debug|Any CPU = Debug|Any CPU
		Release|Any CPU = Release|Any CPU
	EndGlobalSection
	GlobalSection(ProjectConfigurationPlatforms) = postSolution
		{7704FF1B-229D-9848-C6AC-6E9F2C41E7B6}.Debug|Any CPU.ActiveCfg = Debug|Any CPU
		{7704FF1B-229D-9848-C6AC-6E9F2C41E7B6}.Debug|Any CPU.Build.0 = Debug|Any CPU
		{7704FF1B-229D-9848-C6AC-6E9F2C41E7B6}.Release|Any CPU.ActiveCfg = Release|Any CPU
		{7704FF1B-229D-9848-C6AC-6E9F2C41E7B6}.Release|Any CPU.Build.0 = Release|Any CPU
		{F3AD7994-4AE4-32B9-9C22-5B52EEF89D5B}.Debug|Any CPU.ActiveCfg = Debug|Any CPU
		{F3AD7994-4AE4-32B9-9C22-5B52EEF89D5B}.Debug|Any CPU.Build.0 = Debug|Any CPU
		{F3AD7994-4AE4-32B9-9C22-5B52EEF89D5B}.Release|Any CPU.ActiveCfg = Release|Any CPU
		{F3AD7994-4AE4-32B9-9C22-5B52EEF89D5B}.Release|Any CPU.Build.0 = Release|Any CPU
	EndGlobalSection
	GlobalSection(SolutionProperties) = preSolution
		HideSolutionNode = FALSE
	EndGlobalSection
EndGlobal
